{
    "_readme": [
        "This file locks the dependencies of your project to a known state",
        "Read more about it at https://getcomposer.org/doc/01-basic-usage.md#composer-lock-the-lock-file",
        "This file is @generated automatically"
    ],
    "hash": "809cd02ee4e080712ba293694a6553f9",
    "content-hash": "6a3af1c837e92dd29772b3909c25b1db",
    "packages": [],
    "packages-dev": [
        {
            "name": "guzzle/guzzle",
            "version": "dev-master",
            "source": {
                "type": "git",
                "url": "https://github.com/guzzle/guzzle3.git",
                "reference": "b3f5050cb6270c7a728a0b74ac2de50a262b3e02"
            },
            "dist": {
                "type": "zip",
                "url": "https://api.github.com/repos/guzzle/guzzle3/zipball/b3f5050cb6270c7a728a0b74ac2de50a262b3e02",
                "reference": "b3f5050cb6270c7a728a0b74ac2de50a262b3e02",
                "shasum": ""
            },
            "require": {
                "ext-curl": "*",
                "php": ">=5.3.3",
                "symfony/event-dispatcher": "~2.1"
            },
            "replace": {
                "guzzle/batch": "self.version",
                "guzzle/cache": "self.version",
                "guzzle/common": "self.version",
                "guzzle/http": "self.version",
                "guzzle/inflection": "self.version",
                "guzzle/iterator": "self.version",
                "guzzle/log": "self.version",
                "guzzle/parser": "self.version",
                "guzzle/plugin": "self.version",
                "guzzle/plugin-async": "self.version",
                "guzzle/plugin-backoff": "self.version",
                "guzzle/plugin-cache": "self.version",
                "guzzle/plugin-cookie": "self.version",
                "guzzle/plugin-curlauth": "self.version",
                "guzzle/plugin-error-response": "self.version",
                "guzzle/plugin-history": "self.version",
                "guzzle/plugin-log": "self.version",
                "guzzle/plugin-md5": "self.version",
                "guzzle/plugin-mock": "self.version",
                "guzzle/plugin-oauth": "self.version",
                "guzzle/service": "self.version",
                "guzzle/stream": "self.version"
            },
            "require-dev": {
                "doctrine/cache": "~1.3",
                "monolog/monolog": "~1.0",
                "phpunit/phpunit": "3.7.*",
                "psr/log": "~1.0",
                "symfony/class-loader": "~2.1",
                "zendframework/zend-cache": "2.*,<2.3",
                "zendframework/zend-log": "2.*,<2.3"
            },
            "suggest": {
                "guzzlehttp/guzzle": "Guzzle 5 has moved to a new package name. The package you have installed, Guzzle 3, is deprecated."
            },
            "type": "library",
            "extra": {
                "branch-alias": {
                    "dev-master": "3.9-dev"
                }
            },
            "autoload": {
                "psr-0": {
                    "Guzzle": "src/",
                    "Guzzle\\Tests": "tests/"
                }
            },
            "notification-url": "https://packagist.org/downloads/",
            "license": [
                "MIT"
            ],
            "authors": [
                {
                    "name": "Michael Dowling",
                    "email": "mtdowling@gmail.com",
                    "homepage": "https://github.com/mtdowling"
                },
                {
                    "name": "Guzzle Community",
                    "homepage": "https://github.com/guzzle/guzzle/contributors"
                }
            ],
            "description": "PHP HTTP client. This library is deprecated in favor of https://packagist.org/packages/guzzlehttp/guzzle",
            "homepage": "http://guzzlephp.org/",
            "keywords": [
                "client",
                "curl",
                "framework",
                "http",
                "http client",
                "rest",
                "web service"
            ],
            "time": "2015-04-29 17:06:53"
        },
        {
            "name": "psr/log",
            "version": "1.0.0",
            "source": {
                "type": "git",
                "url": "https://github.com/php-fig/log.git",
                "reference": "fe0936ee26643249e916849d48e3a51d5f5e278b"
            },
            "dist": {
                "type": "zip",
                "url": "https://api.github.com/repos/php-fig/log/zipball/fe0936ee26643249e916849d48e3a51d5f5e278b",
                "reference": "fe0936ee26643249e916849d48e3a51d5f5e278b",
                "shasum": ""
            },
            "type": "library",
            "autoload": {
                "psr-0": {
                    "Psr\\Log\\": ""
                }
            },
            "notification-url": "https://packagist.org/downloads/",
            "license": [
                "MIT"
            ],
            "authors": [
                {
                    "name": "PHP-FIG",
                    "homepage": "http://www.php-fig.org/"
                }
            ],
            "description": "Common interface for logging libraries",
            "keywords": [
                "log",
                "psr",
                "psr-3"
            ],
            "time": "2012-12-21 11:40:51"
        },
        {
            "name": "satooshi/php-coveralls",
            "version": "dev-master",
            "source": {
                "type": "git",
                "url": "https://github.com/satooshi/php-coveralls.git",
                "reference": "2fbf803803d179ab1082807308a67bbd5a760c70"
            },
            "dist": {
                "type": "zip",
                "url": "https://api.github.com/repos/satooshi/php-coveralls/zipball/2fbf803803d179ab1082807308a67bbd5a760c70",
                "reference": "2fbf803803d179ab1082807308a67bbd5a760c70",
                "shasum": ""
            },
            "require": {
                "ext-json": "*",
                "ext-simplexml": "*",
                "guzzle/guzzle": ">=2.7",
                "php": ">=5.3",
                "psr/log": "1.0.0",
                "symfony/config": ">=2.0",
                "symfony/console": ">=2.0",
                "symfony/stopwatch": ">=2.2",
                "symfony/yaml": ">=2.0"
            },
            "require-dev": {
                "apigen/apigen": "2.8.*@stable",
                "pdepend/pdepend": "dev-master as 2.0.0",
                "phpmd/phpmd": "dev-master",
                "phpunit/php-invoker": ">=1.1.0,<1.2.0",
                "phpunit/phpunit": "3.7.*@stable",
                "sebastian/finder-facade": "dev-master",
                "sebastian/phpcpd": "1.4.*@stable",
                "squizlabs/php_codesniffer": "1.4.*@stable",
                "theseer/fdomdocument": "dev-master"
            },
            "suggest": {
                "symfony/http-kernel": "Allows Symfony integration"
            },
            "bin": [
                "composer/bin/coveralls"
            ],
            "type": "library",
            "extra": {
                "branch-alias": {
                    "dev-master": "0.7-dev"
                }
            },
            "autoload": {
                "psr-0": {
                    "Satooshi\\Component": "src/",
                    "Satooshi\\Bundle": "src/"
                }
            },
            "notification-url": "https://packagist.org/downloads/",
            "license": [
                "MIT"
            ],
            "authors": [
                {
                    "name": "Kitamura Satoshi",
                    "email": "with.no.parachute@gmail.com",
                    "homepage": "https://www.facebook.com/satooshi.jp"
                }
            ],
            "description": "PHP client library for Coveralls API",
            "homepage": "https://github.com/satooshi/php-coveralls",
            "keywords": [
                "ci",
                "coverage",
                "github",
                "test"
            ],
            "time": "2014-11-11 15:35:34"
        },
        {
            "name": "symfony/config",
            "version": "dev-master",
            "source": {
                "type": "git",
                "url": "https://github.com/symfony/config.git",
                "reference": "7e451255242ac0fc6cfd72815fbf5f71893e9ca4"
            },
            "dist": {
                "type": "zip",
                "url": "https://api.github.com/repos/symfony/config/zipball/7e451255242ac0fc6cfd72815fbf5f71893e9ca4",
                "reference": "7e451255242ac0fc6cfd72815fbf5f71893e9ca4",
                "shasum": ""
            },
            "require": {
                "php": ">=5.5.9",
                "symfony/filesystem": "~2.8|~3.0"
            },
            "type": "library",
            "extra": {
                "branch-alias": {
                    "dev-master": "3.0-dev"
                }
            },
            "autoload": {
                "psr-4": {
                    "Symfony\\Component\\Config\\": ""
                }
            },
            "notification-url": "https://packagist.org/downloads/",
            "license": [
                "MIT"
            ],
            "authors": [
                {
                    "name": "Fabien Potencier",
                    "email": "fabien@symfony.com"
                },
                {
                    "name": "Symfony Community",
                    "homepage": "https://symfony.com/contributors"
                }
            ],
            "description": "Symfony Config Component",
            "homepage": "https://symfony.com",
            "time": "2015-10-11 09:14:55"
        },
        {
            "name": "symfony/console",
            "version": "dev-master",
            "source": {
                "type": "git",
                "url": "https://github.com/symfony/console.git",
                "reference": "616ea08a3e3078b90f65d6f9bde45ee4a00d4e52"
            },
            "dist": {
                "type": "zip",
                "url": "https://api.github.com/repos/symfony/console/zipball/616ea08a3e3078b90f65d6f9bde45ee4a00d4e52",
                "reference": "616ea08a3e3078b90f65d6f9bde45ee4a00d4e52",
                "shasum": ""
            },
            "require": {
                "php": ">=5.5.9"
            },
            "require-dev": {
                "psr/log": "~1.0",
                "symfony/event-dispatcher": "~2.8|~3.0",
                "symfony/process": "~2.8|~3.0"
            },
            "suggest": {
                "psr/log": "For using the console logger",
                "symfony/event-dispatcher": "",
                "symfony/process": ""
            },
            "type": "library",
            "extra": {
                "branch-alias": {
                    "dev-master": "3.0-dev"
                }
            },
            "autoload": {
                "psr-4": {
                    "Symfony\\Component\\Console\\": ""
                }
            },
            "notification-url": "https://packagist.org/downloads/",
            "license": [
                "MIT"
            ],
            "authors": [
                {
                    "name": "Fabien Potencier",
                    "email": "fabien@symfony.com"
                },
                {
                    "name": "Symfony Community",
                    "homepage": "https://symfony.com/contributors"
                }
            ],
            "description": "Symfony Console Component",
            "homepage": "https://symfony.com",
            "time": "2015-10-23 15:08:51"
        },
        {
            "name": "symfony/event-dispatcher",
            "version": "2.8.x-dev",
            "source": {
                "type": "git",
                "url": "https://github.com/symfony/event-dispatcher.git",
                "reference": "22db6ac518817c5459e704dbd21727777a764f32"
            },
            "dist": {
                "type": "zip",
                "url": "https://api.github.com/repos/symfony/event-dispatcher/zipball/22db6ac518817c5459e704dbd21727777a764f32",
                "reference": "22db6ac518817c5459e704dbd21727777a764f32",
                "shasum": ""
            },
            "require": {
                "php": ">=5.3.9"
            },
            "require-dev": {
                "psr/log": "~1.0",
                "symfony/config": "~2.0,>=2.0.5|~3.0.0",
                "symfony/dependency-injection": "~2.6|~3.0.0",
                "symfony/expression-language": "~2.6|~3.0.0",
                "symfony/stopwatch": "~2.3|~3.0.0"
            },
            "suggest": {
                "symfony/dependency-injection": "",
                "symfony/http-kernel": ""
            },
            "type": "library",
            "extra": {
                "branch-alias": {
                    "dev-master": "2.8-dev"
                }
            },
            "autoload": {
                "psr-4": {
                    "Symfony\\Component\\EventDispatcher\\": ""
                }
            },
            "notification-url": "https://packagist.org/downloads/",
            "license": [
                "MIT"
            ],
            "authors": [
                {
                    "name": "Fabien Potencier",
                    "email": "fabien@symfony.com"
                },
                {
                    "name": "Symfony Community",
                    "homepage": "https://symfony.com/contributors"
                }
            ],
            "description": "Symfony EventDispatcher Component",
            "homepage": "https://symfony.com",
            "time": "2015-10-20 17:27:01"
        },
        {
            "name": "symfony/filesystem",
            "version": "dev-master",
            "source": {
                "type": "git",
                "url": "https://github.com/symfony/filesystem.git",
                "reference": "d1a7ca3ed5c2b4d176436bb72e229c4da25d649e"
            },
            "dist": {
                "type": "zip",
                "url": "https://api.github.com/repos/symfony/filesystem/zipball/d1a7ca3ed5c2b4d176436bb72e229c4da25d649e",
                "reference": "d1a7ca3ed5c2b4d176436bb72e229c4da25d649e",
                "shasum": ""
            },
            "require": {
                "php": ">=5.5.9"
            },
            "type": "library",
            "extra": {
                "branch-alias": {
                    "dev-master": "3.0-dev"
                }
            },
            "autoload": {
                "psr-4": {
                    "Symfony\\Component\\Filesystem\\": ""
                }
            },
            "notification-url": "https://packagist.org/downloads/",
            "license": [
                "MIT"
            ],
            "authors": [
                {
                    "name": "Fabien Potencier",
                    "email": "fabien@symfony.com"
                },
                {
                    "name": "Symfony Community",
                    "homepage": "https://symfony.com/contributors"
                }
            ],
            "description": "Symfony Filesystem Component",
            "homepage": "https://symfony.com",
            "time": "2015-10-18 20:24:22"
        },
        {
            "name": "symfony/stopwatch",
            "version": "dev-master",
            "source": {
                "type": "git",
                "url": "https://github.com/symfony/stopwatch.git",
                "reference": "d88ca292777a55d2e1539b33087530475f82eeb7"
            },
            "dist": {
                "type": "zip",
                "url": "https://api.github.com/repos/symfony/stopwatch/zipball/d88ca292777a55d2e1539b33087530475f82eeb7",
                "reference": "d88ca292777a55d2e1539b33087530475f82eeb7",
                "shasum": ""
            },
            "require": {
                "php": ">=5.5.9"
            },
            "type": "library",
            "extra": {
                "branch-alias": {
                    "dev-master": "3.0-dev"
                }
            },
            "autoload": {
                "psr-4": {
                    "Symfony\\Component\\Stopwatch\\": ""
                }
            },
            "notification-url": "https://packagist.org/downloads/",
            "license": [
                "MIT"
            ],
            "authors": [
                {
                    "name": "Fabien Potencier",
                    "email": "fabien@symfony.com"
                },
                {
                    "name": "Symfony Community",
                    "homepage": "https://symfony.com/contributors"
                }
            ],
            "description": "Symfony Stopwatch Component",
            "homepage": "https://symfony.com",
            "time": "2015-10-12 12:48:30"
        },
        {
            "name": "symfony/yaml",
            "version": "dev-master",
            "source": {
                "type": "git",
                "url": "https://github.com/symfony/yaml.git",
                "reference": "8d32eb597b531eb915b4fee3dc582ade5ae1fe6a"
            },
            "dist": {
                "type": "zip",
                "url": "https://api.github.com/repos/symfony/yaml/zipball/8d32eb597b531eb915b4fee3dc582ade5ae1fe6a",
                "reference": "8d32eb597b531eb915b4fee3dc582ade5ae1fe6a",
                "shasum": ""
            },
            "require": {
                "php": ">=5.5.9"
            },
            "type": "library",
            "extra": {
                "branch-alias": {
                    "dev-master": "3.0-dev"
                }
            },
            "autoload": {
                "psr-4": {
                    "Symfony\\Component\\Yaml\\": ""
                }
            },
            "notification-url": "https://packagist.org/downloads/",
            "license": [
                "MIT"
            ],
            "authors": [
                {
                    "name": "Fabien Potencier",
                    "email": "fabien@symfony.com"
                },
                {
                    "name": "Symfony Community",
                    "homepage": "https://symfony.com/contributors"
                }
            ],
            "description": "Symfony Yaml Component",
            "homepage": "https://symfony.com",
            "time": "2015-10-13 16:01:35"
        }
    ],
    "aliases": [],
    "minimum-stability": "dev",
    "stability-flags": {
        "satooshi/php-coveralls": 20
    },
    "prefer-stable": false,
    "prefer-lowest": false,
    "platform": {
        "php": ">=5.3.0"
    },
    "platform-dev": []
}
